// !$*UTF8*$!
{
	archiveVersion = 1;
	classes = {
	};
	objectVersion = 50;
	objects = {

/* Begin PBXBuildFile section */
		124D4C5A20F5C96600E72127 /* AppDelegate.m in Sources */ = {isa = PBXBuildFile; fileRef = 124D4C5920F5C96600E72127 /* AppDelegate.m */; };
		124D4C5D20F5C96600E72127 /* ViewController.m in Sources */ = {isa = PBXBuildFile; fileRef = 124D4C5C20F5C96600E72127 /* ViewController.m */; };
		124D4C6020F5C96600E72127 /* Main.storyboard in Resources */ = {isa = PBXBuildFile; fileRef = 124D4C5E20F5C96600E72127 /* Main.storyboard */; };
		124D4C6220F5C96700E72127 /* Assets.xcassets in Resources */ = {isa = PBXBuildFile; fileRef = 124D4C6120F5C96700E72127 /* Assets.xcassets */; };
		124D4C6520F5C96700E72127 /* LaunchScreen.storyboard in Resources */ = {isa = PBXBuildFile; fileRef = 124D4C6320F5C96700E72127 /* LaunchScreen.storyboard */; };
		124D4C6820F5C96700E72127 /* main.m in Sources */ = {isa = PBXBuildFile; fileRef = 124D4C6720F5C96700E72127 /* main.m */; };
		124D4C7220F5C96700E72127 /* LLTableViewHandelTests.m in Sources */ = {isa = PBXBuildFile; fileRef = 124D4C7120F5C96700E72127 /* LLTableViewHandelTests.m */; };
		124D4C7D20F5C96700E72127 /* LLTableViewHandelUITests.m in Sources */ = {isa = PBXBuildFile; fileRef = 124D4C7C20F5C96700E72127 /* LLTableViewHandelUITests.m */; };
		124D4C9120F5CA7200E72127 /* LLTableViewMaker.m in Sources */ = {isa = PBXBuildFile; fileRef = 124D4C9020F5CA7200E72127 /* LLTableViewMaker.m */; };
/* End PBXBuildFile section */

/* Begin PBXContainerItemProxy section */
		124D4C6E20F5C96700E72127 /* PBXContainerItemProxy */ = {
			isa = PBXContainerItemProxy;
			containerPortal = 124D4C4D20F5C96600E72127 /* Project object */;
			proxyType = 1;
			remoteGlobalIDString = 124D4C5420F5C96600E72127;
			remoteInfo = LLTableViewHandel;
		};
		124D4C7920F5C96700E72127 /* PBXContainerItemProxy */ = {
			isa = PBXContainerItemProxy;
			containerPortal = 124D4C4D20F5C96600E72127 /* Project object */;
			proxyType = 1;
			remoteGlobalIDString = 124D4C5420F5C96600E72127;
			remoteInfo = LLTableViewHandel;
		};
/* End PBXContainerItemProxy section */

/* Begin PBXFileReference section */
		124D4C5520F5C96600E72127 /* LLTableViewHandel.app */ = {isa = PBXFileReference; explicitFileType = wrapper.application; includeInIndex = 0; path = LLTableViewHandel.app; sourceTree = BUILT_PRODUCTS_DIR; };
		124D4C5820F5C96600E72127 /* AppDelegate.h */ = {isa = PBXFileReference; lastKnownFileType = sourcecode.c.h; path = AppDelegate.h; sourceTree = "<group>"; };
		124D4C5920F5C96600E72127 /* AppDelegate.m */ = {isa = PBXFileReference; lastKnownFileType = sourcecode.c.objc; path = AppDelegate.m; sourceTree = "<group>"; };
		124D4C5B20F5C96600E72127 /* ViewController.h */ = {isa = PBXFileReference; lastKnownFileType = sourcecode.c.h; path = ViewController.h; sourceTree = "<group>"; };
		124D4C5C20F5C96600E72127 /* ViewController.m */ = {isa = PBXFileReference; lastKnownFileType = sourcecode.c.objc; path = ViewController.m; sourceTree = "<group>"; };
		124D4C5F20F5C96600E72127 /* Base */ = {isa = PBXFileReference; lastKnownFileType = file.storyboard; name = Base; path = Base.lproj/Main.storyboard; sourceTree = "<group>"; };
		124D4C6120F5C96700E72127 /* Assets.xcassets */ = {isa = PBXFileReference; lastKnownFileType = folder.assetcatalog; path = Assets.xcassets; sourceTree = "<group>"; };
		124D4C6420F5C96700E72127 /* Base */ = {isa = PBXFileReference; lastKnownFileType = file.storyboard; name = Base; path = Base.lproj/LaunchScreen.storyboard; sourceTree = "<group>"; };
		124D4C6620F5C96700E72127 /* Info.plist */ = {isa = PBXFileReference; lastKnownFileType = text.plist.xml; path = Info.plist; sourceTree = "<group>"; };
		124D4C6720F5C96700E72127 /* main.m */ = {isa = PBXFileReference; lastKnownFileType = sourcecode.c.objc; path = main.m; sourceTree = "<group>"; };
		124D4C6D20F5C96700E72127 /* LLTableViewHandelTests.xctest */ = {isa = PBXFileReference; explicitFileType = wrapper.cfbundle; includeInIndex = 0; path = LLTableViewHandelTests.xctest; sourceTree = BUILT_PRODUCTS_DIR; };
		124D4C7120F5C96700E72127 /* LLTableViewHandelTests.m */ = {isa = PBXFileReference; lastKnownFileType = sourcecode.c.objc; path = LLTableViewHandelTests.m; sourceTree = "<group>"; };
		124D4C7320F5C96700E72127 /* Info.plist */ = {isa = PBXFileReference; lastKnownFileType = text.plist.xml; path = Info.plist; sourceTree = "<group>"; };
		124D4C7820F5C96700E72127 /* LLTableViewHandelUITests.xctest */ = {isa = PBXFileReference; explicitFileType = wrapper.cfbundle; includeInIndex = 0; path = LLTableViewHandelUITests.xctest; sourceTree = BUILT_PRODUCTS_DIR; };
		124D4C7C20F5C96700E72127 /* LLTableViewHandelUITests.m */ = {isa = PBXFileReference; lastKnownFileType = sourcecode.c.objc; path = LLTableViewHandelUITests.m; sourceTree = "<group>"; };
		124D4C7E20F5C96700E72127 /* Info.plist */ = {isa = PBXFileReference; lastKnownFileType = text.plist.xml; path = Info.plist; sourceTree = "<group>"; };
		124D4C8F20F5CA7200E72127 /* LLTableViewMaker.h */ = {isa = PBXFileReference; lastKnownFileType = sourcecode.c.h; path = LLTableViewMaker.h; sourceTree = "<group>"; };
		124D4C9020F5CA7200E72127 /* LLTableViewMaker.m */ = {isa = PBXFileReference; lastKnownFileType = sourcecode.c.objc; path = LLTableViewMaker.m; sourceTree = "<group>"; };
		124D4C9220F5E62200E72127 /* LLTableViewMakerProtocol.h */ = {isa = PBXFileReference; fileEncoding = 4; lastKnownFileType = sourcecode.c.h; path = LLTableViewMakerProtocol.h; sourceTree = "<group>"; };
/* End PBXFileReference section */

/* Begin PBXFrameworksBuildPhase section */
		124D4C5220F5C96600E72127 /* Frameworks */ = {
			isa = PBXFrameworksBuildPhase;
			buildActionMask = 2147483647;
			files = (
			);
			runOnlyForDeploymentPostprocessing = 0;
		};
		124D4C6A20F5C96700E72127 /* Frameworks */ = {
			isa = PBXFrameworksBuildPhase;
			buildActionMask = 2147483647;
			files = (
			);
			runOnlyForDeploymentPostprocessing = 0;
		};
		124D4C7520F5C96700E72127 /* Frameworks */ = {
			isa = PBXFrameworksBuildPhase;
			buildActionMask = 2147483647;
			files = (
			);
			runOnlyForDeploymentPostprocessing = 0;
		};
/* End PBXFrameworksBuildPhase section */

/* Begin PBXGroup section */
		124D4C4C20F5C96600E72127 = {
			isa = PBXGroup;
			children = (
				124D4C5720F5C96600E72127 /* LLTableViewHandel */,
				124D4C7020F5C96700E72127 /* LLTableViewHandelTests */,
				124D4C7B20F5C96700E72127 /* LLTableViewHandelUITests */,
				124D4C5620F5C96600E72127 /* Products */,
			);
			sourceTree = "<group>";
		};
		124D4C5620F5C96600E72127 /* Products */ = {
			isa = PBXGroup;
			children = (
				124D4C5520F5C96600E72127 /* LLTableViewHandel.app */,
				124D4C6D20F5C96700E72127 /* LLTableViewHandelTests.xctest */,
				124D4C7820F5C96700E72127 /* LLTableViewHandelUITests.xctest */,
			);
			name = Products;
			sourceTree = "<group>";
		};
		124D4C5720F5C96600E72127 /* LLTableViewHandel */ = {
			isa = PBXGroup;
			children = (
				124D4C5820F5C96600E72127 /* AppDelegate.h */,
				124D4C5920F5C96600E72127 /* AppDelegate.m */,
				124D4C5B20F5C96600E72127 /* ViewController.h */,
				124D4C5C20F5C96600E72127 /* ViewController.m */,
				124D4C8F20F5CA7200E72127 /* LLTableViewMaker.h */,
				124D4C9020F5CA7200E72127 /* LLTableViewMaker.m */,
				124D4C9220F5E62200E72127 /* LLTableViewMakerProtocol.h */,
				124D4C5E20F5C96600E72127 /* Main.storyboard */,
				124D4C6120F5C96700E72127 /* Assets.xcassets */,
				124D4C6320F5C96700E72127 /* LaunchScreen.storyboard */,
				124D4C6620F5C96700E72127 /* Info.plist */,
				124D4C6720F5C96700E72127 /* main.m */,
			);
			path = LLTableViewHandel;
			sourceTree = "<group>";
		};
		124D4C7020F5C96700E72127 /* LLTableViewHandelTests */ = {
			isa = PBXGroup;
			children = (
				124D4C7120F5C96700E72127 /* LLTableViewHandelTests.m */,
				124D4C7320F5C96700E72127 /* Info.plist */,
			);
			path = LLTableViewHandelTests;
			sourceTree = "<group>";
		};
		124D4C7B20F5C96700E72127 /* LLTableViewHandelUITests */ = {
			isa = PBXGroup;
			children = (
				124D4C7C20F5C96700E72127 /* LLTableViewHandelUITests.m */,
				124D4C7E20F5C96700E72127 /* Info.plist */,
			);
			path = LLTableViewHandelUITests;
			sourceTree = "<group>";
		};
/* End PBXGroup section */

/* Begin PBXNativeTarget section */
		124D4C5420F5C96600E72127 /* LLTableViewHandel */ = {
			isa = PBXNativeTarget;
			buildConfigurationList = 124D4C8120F5C96700E72127 /* Build configuration list for PBXNativeTarget "LLTableViewHandel" */;
			buildPhases = (
				124D4C5120F5C96600E72127 /* Sources */,
				124D4C5220F5C96600E72127 /* Frameworks */,
				124D4C5320F5C96600E72127 /* Resources */,
			);
			buildRules = (
			);
			dependencies = (
			);
			name = LLTableViewHandel;
			productName = LLTableViewHandel;
			productReference = 124D4C5520F5C96600E72127 /* LLTableViewHandel.app */;
			productType = "com.apple.product-type.application";
		};
		124D4C6C20F5C96700E72127 /* LLTableViewHandelTests */ = {
			isa = PBXNativeTarget;
			buildConfigurationList = 124D4C8420F5C96700E72127 /* Build configuration list for PBXNativeTarget "LLTableViewHandelTests" */;
			buildPhases = (
				124D4C6920F5C96700E72127 /* Sources */,
				124D4C6A20F5C96700E72127 /* Frameworks */,
				124D4C6B20F5C96700E72127 /* Resources */,
			);
			buildRules = (
			);
			dependencies = (
				124D4C6F20F5C96700E72127 /* PBXTargetDependency */,
			);
			name = LLTableViewHandelTests;
			productName = LLTableViewHandelTests;
			productReference = 124D4C6D20F5C96700E72127 /* LLTableViewHandelTests.xctest */;
			productType = "com.apple.product-type.bundle.unit-test";
		};
		124D4C7720F5C96700E72127 /* LLTableViewHandelUITests */ = {
			isa = PBXNativeTarget;
			buildConfigurationList = 124D4C8720F5C96700E72127 /* Build configuration list for PBXNativeTarget "LLTableViewHandelUITests" */;
			buildPhases = (
				124D4C7420F5C96700E72127 /* Sources */,
				124D4C7520F5C96700E72127 /* Frameworks */,
				124D4C7620F5C96700E72127 /* Resources */,
			);
			buildRules = (
			);
			dependencies = (
				124D4C7A20F5C96700E72127 /* PBXTargetDependency */,
			);
			name = LLTableViewHandelUITests;
			productName = LLTableViewHandelUITests;
			productReference = 124D4C7820F5C96700E72127 /* LLTableViewHandelUITests.xctest */;
			productType = "com.apple.product-type.bundle.ui-testing";
		};
/* End PBXNativeTarget section */

/* Begin PBXProject section */
		124D4C4D20F5C96600E72127 /* Project object */ = {
			isa = PBXProject;
			attributes = {
				LastUpgradeCheck = 0940;
				ORGANIZATIONNAME = lcus;
				TargetAttributes = {
					124D4C5420F5C96600E72127 = {
						CreatedOnToolsVersion = 9.4.1;
					};
					124D4C6C20F5C96700E72127 = {
						CreatedOnToolsVersion = 9.4.1;
						TestTargetID = 124D4C5420F5C96600E72127;
					};
					124D4C7720F5C96700E72127 = {
						CreatedOnToolsVersion = 9.4.1;
						TestTargetID = 124D4C5420F5C96600E72127;
					};
				};
			};
			buildConfigurationList = 124D4C5020F5C96600E72127 /* Build configuration list for PBXProject "LLTableViewHandel" */;
			compatibilityVersion = "Xcode 9.3";
			developmentRegion = en;
			hasScannedForEncodings = 0;
			knownRegions = (
				en,
				Base,
			);
			mainGroup = 124D4C4C20F5C96600E72127;
			productRefGroup = 124D4C5620F5C96600E72127 /* Products */;
			projectDirPath = "";
			projectRoot = "";
			targets = (
				124D4C5420F5C96600E72127 /* LLTableViewHandel */,
				124D4C6C20F5C96700E72127 /* LLTableViewHandelTests */,
				124D4C7720F5C96700E72127 /* LLTableViewHandelUITests */,
			);
		};
/* End PBXProject section */

/* Begin PBXResourcesBuildPhase section */
		124D4C5320F5C96600E72127 /* Resources */ = {
			isa = PBXResourcesBuildPhase;
			buildActionMask = 2147483647;
			files = (
				124D4C6520F5C96700E72127 /* LaunchScreen.storyboard in Resources */,
				124D4C6220F5C96700E72127 /* Assets.xcassets in Resources */,
				124D4C6020F5C96600E72127 /* Main.storyboard in Resources */,
			);
			runOnlyForDeploymentPostprocessing = 0;
		};
		124D4C6B20F5C96700E72127 /* Resources */ = {
			isa = PBXResourcesBuildPhase;
			buildActionMask = 2147483647;
			files = (
			);
			runOnlyForDeploymentPostprocessing = 0;
		};
		124D4C7620F5C96700E72127 /* Resources */ = {
			isa = PBXResourcesBuildPhase;
			buildActionMask = 2147483647;
			files = (
			);
			runOnlyForDeploymentPostprocessing = 0;
		};
/* End PBXResourcesBuildPhase section */

/* Begin PBXSourcesBuildPhase section */
		124D4C5120F5C96600E72127 /* Sources */ = {
			isa = PBXSourcesBuildPhase;
			buildActionMask = 2147483647;
			files = (
				124D4C9120F5CA7200E72127 /* LLTableViewMaker.m in Sources */,
				124D4C5D20F5C96600E72127 /* ViewController.m in Sources */,
				124D4C6820F5C96700E72127 /* main.m in Sources */,
				124D4C5A20F5C96600E72127 /* AppDelegate.m in Sources */,
			);
			runOnlyForDeploymentPostprocessing = 0;
		};
		124D4C6920F5C96700E72127 /* Sources */ = {
			isa = PBXSourcesBuildPhase;
			buildActionMask = 2147483647;
			files = (
				124D4C7220F5C96700E72127 /* LLTableViewHandelTests.m in Sources */,
			);
			runOnlyForDeploymentPostprocessing = 0;
		};
		124D4C7420F5C96700E72127 /* Sources */ = {
			isa = PBXSourcesBuildPhase;
			buildActionMask = 2147483647;
			files = (
				124D4C7D20F5C96700E72127 /* LLTableViewHandelUITests.m in Sources */,
			);
			runOnlyForDeploymentPostprocessing = 0;
		};
/* End PBXSourcesBuildPhase section */

/* Begin PBXTargetDependency section */
		124D4C6F20F5C96700E72127 /* PBXTargetDependency */ = {
			isa = PBXTargetDependency;
			target = 124D4C5420F5C96600E72127 /* LLTableViewHandel */;
			targetProxy = 124D4C6E20F5C96700E72127 /* PBXContainerItemProxy */;
		};
		124D4C7A20F5C96700E72127 /* PBXTargetDependency */ = {
			isa = PBXTargetDependency;
			target = 124D4C5420F5C96600E72127 /* LLTableViewHandel */;
			targetProxy = 124D4C7920F5C96700E72127 /* PBXContainerItemProxy */;
		};
/* End PBXTargetDependency section */

/* Begin PBXVariantGroup section */
		124D4C5E20F5C96600E72127 /* Main.storyboard */ = {
			isa = PBXVariantGroup;
			children = (
				124D4C5F20F5C96600E72127 /* Base */,
			);
			name = Main.storyboard;
			sourceTree = "<group>";
		};
		124D4C6320F5C96700E72127 /* LaunchScreen.storyboard */ = {
			isa = PBXVariantGroup;
			children = (
				124D4C6420F5C96700E72127 /* Base */,
			);
			name = LaunchScreen.storyboard;
			sourceTree = "<group>";
		};
/* End PBXVariantGroup section */

/* Begin XCBuildConfiguration section */
		124D4C7F20F5C96700E72127 /* Debug */ = {
			isa = XCBuildConfiguration;
			buildSettings = {
				ALWAYS_SEARCH_USER_PATHS = NO;
				CLANG_ANALYZER_NONNULL = YES;
				CLANG_ANALYZER_NUMBER_OBJECT_CONVERSION = YES_AGGRESSIVE;
				CLANG_CXX_LANGUAGE_STANDARD = "gnu++14";
				CLANG_CXX_LIBRARY = "libc++";
				CLANG_ENABLE_MODULES = YES;
				CLANG_ENABLE_OBJC_ARC = YES;
				CLANG_ENABLE_OBJC_WEAK = YES;
				CLANG_WARN_BLOCK_CAPTURE_AUTORELEASING = YES;
				CLANG_WARN_BOOL_CONVERSION = YES;
				CLANG_WARN_COMMA = YES;
				CLANG_WARN_CONSTANT_CONVERSION = YES;
				CLANG_WARN_DEPRECATED_OBJC_IMPLEMENTATIONS = YES;
				CLANG_WARN_DIRECT_OBJC_ISA_USAGE = YES_ERROR;
				CLANG_WARN_DOCUMENTATION_COMMENTS = YES;
				CLANG_WARN_EMPTY_BODY = YES;
				CLANG_WARN_ENUM_CONVERSION = YES;
				CLANG_WARN_INFINITE_RECURSION = YES;
				CLANG_WARN_INT_CONVERSION = YES;
				CLANG_WARN_NON_LITERAL_NULL_CONVERSION = YES;
				CLANG_WARN_OBJC_IMPLICIT_RETAIN_SELF = YES;
				CLANG_WARN_OBJC_LITERAL_CONVERSION = YES;
				CLANG_WARN_OBJC_ROOT_CLASS = YES_ERROR;
				CLANG_WARN_RANGE_LOOP_ANALYSIS = YES;
				CLANG_WARN_STRICT_PROTOTYPES = YES;
				CLANG_WARN_SUSPICIOUS_MOVE = YES;
				CLANG_WARN_UNGUARDED_AVAILABILITY = YES_AGGRESSIVE;
				CLANG_WARN_UNREACHABLE_CODE = YES;
				CLANG_WARN__DUPLICATE_METHOD_MATCH = YES;
				CODE_SIGN_IDENTITY = "iPhone Developer";
				COPY_PHASE_STRIP = NO;
				DEBUG_INFORMATION_FORMAT = dwarf;
				ENABLE_STRICT_OBJC_MSGSEND = YES;
				ENABLE_TESTABILITY = YES;
				GCC_C_LANGUAGE_STANDARD = gnu11;
				GCC_DYNAMIC_NO_PIC = NO;
				GCC_NO_COMMON_BLOCKS = YES;
				GCC_OPTIMIZATION_LEVEL = 0;
				GCC_PREPROCESSOR_DEFINITIONS = (
					"DEBUG=1",
					"$(inherited)",
				);
				GCC_WARN_64_TO_32_BIT_CONVERSION = YES;
				GCC_WARN_ABOUT_RETURN_TYPE = YES_ERROR;
				GCC_WARN_UNDECLARED_SELECTOR = YES;
				GCC_WARN_UNINITIALIZED_AUTOS = YES_AGGRESSIVE;
				GCC_WARN_UNUSED_FUNCTION = YES;
				GCC_WARN_UNUSED_VARIABLE = YES;
				IPHONEOS_DEPLOYMENT_TARGET = 11.4;
				MTL_ENABLE_DEBUG_INFO = YES;
				ONLY_ACTIVE_ARCH = YES;
				SDKROOT = iphoneos;
			};
			name = Debug;
		};
		124D4C8020F5C96700E72127 /* Release */ = {
			isa = XCBuildConfiguration;
			buildSettings = {
				ALWAYS_SEARCH_USER_PATHS = NO;
				CLANG_ANALYZER_NONNULL = YES;
				CLANG_ANALYZER_NUMBER_OBJECT_CONVERSION = YES_AGGRESSIVE;
				CLANG_CXX_LANGUAGE_STANDARD = "gnu++14";
				CLANG_CXX_LIBRARY = "libc++";
				CLANG_ENABLE_MODULES = YES;
				CLANG_ENABLE_OBJC_ARC = YES;
				CLANG_ENABLE_OBJC_WEAK = YES;
				CLANG_WARN_BLOCK_CAPTURE_AUTORELEASING = YES;
				CLANG_WARN_BOOL_CONVERSION = YES;
				CLANG_WARN_COMMA = YES;
				CLANG_WARN_CONSTANT_CONVERSION = YES;
				CLANG_WARN_DEPRECATED_OBJC_IMPLEMENTATIONS = YES;
				CLANG_WARN_DIRECT_OBJC_ISA_USAGE = YES_ERROR;
				CLANG_WARN_DOCUMENTATION_COMMENTS = YES;
				CLANG_WARN_EMPTY_BODY = YES;
				CLANG_WARN_ENUM_CONVERSION = YES;
				CLANG_WARN_INFINITE_RECURSION = YES;
				CLANG_WARN_INT_CONVERSION = YES;
				CLANG_WARN_NON_LITERAL_NULL_CONVERSION = YES;
				CLANG_WARN_OBJC_IMPLICIT_RETAIN_SELF = YES;
				CLANG_WARN_OBJC_LITERAL_CONVERSION = YES;
				CLANG_WARN_OBJC_ROOT_CLASS = YES_ERROR;
				CLANG_WARN_RANGE_LOOP_ANALYSIS = YES;
				CLANG_WARN_STRICT_PROTOTYPES = YES;
				CLANG_WARN_SUSPICIOUS_MOVE = YES;
				CLANG_WARN_UNGUARDED_AVAILABILITY = YES_AGGRESSIVE;
				CLANG_WARN_UNREACHABLE_CODE = YES;
				CLANG_WARN__DUPLICATE_METHOD_MATCH = YES;
				CODE_SIGN_IDENTITY = "iPhone Developer";
				COPY_PHASE_STRIP = NO;
				DEBUG_INFORMATION_FORMAT = "dwarf-with-dsym";
				ENABLE_NS_ASSERTIONS = NO;
				ENABLE_STRICT_OBJC_MSGSEND = YES;
				GCC_C_LANGUAGE_STANDARD = gnu11;
				GCC_NO_COMMON_BLOCKS = YES;
				GCC_WARN_64_TO_32_BIT_CONVERSION = YES;
				GCC_WARN_ABOUT_RETURN_TYPE = YES_ERROR;
				GCC_WARN_UNDECLARED_SELECTOR = YES;
				GCC_WARN_UNINITIALIZED_AUTOS = YES_AGGRESSIVE;
				GCC_WARN_UNUSED_FUNCTION = YES;
				GCC_WARN_UNUSED_VARIABLE = YES;
				IPHONEOS_DEPLOYMENT_TARGET = 11.4;
				MTL_ENABLE_DEBUG_INFO = NO;
				SDKROOT = iphoneos;
				VALIDATE_PRODUCT = YES;
			};
			name = Release;
		};
		124D4C8220F5C96700E72127 /* Debug */ = {
			isa = XCBuildConfiguration;
			buildSettings = {
				ASSETCATALOG_COMPILER_APPICON_NAME = AppIcon;
				CODE_SIGN_STYLE = Automatic;
				INFOPLIST_FILE = LLTableViewHandel/Info.plist;
				LD_RUNPATH_SEARCH_PATHS = (
					"$(inherited)",
					"@executable_path/Frameworks",
				);
				PRODUCT_BUNDLE_IDENTIFIER = com.EZS.company.LLTableViewHandel;
				PRODUCT_NAME = "$(TARGET_NAME)";
				TARGETED_DEVICE_FAMILY = "1,2";
			};
			name = Debug;
		};
		124D4C8320F5C96700E72127 /* Release */ = {
			isa = XCBuildConfiguration;
			buildSettings = {
				ASSETCATALOG_COMPILER_APPICON_NAME = AppIcon;
				CODE_SIGN_STYLE = Automatic;
				INFOPLIST_FILE = LLTableViewHandel/Info.plist;
				LD_RUNPATH_SEARCH_PATHS = (
					"$(inherited)",
					"@executable_path/Frameworks",
				);
				PRODUCT_BUNDLE_IDENTIFIER = com.EZS.company.LLTableViewHandel;
				PRODUCT_NAME = "$(TARGET_NAME)";
				TARGETED_DEVICE_FAMILY = "1,2";
			};
			name = Release;
		};
		124D4C8520F5C96700E72127 /* Debug */ = {
			isa = XCBuildConfiguration;
			buildSettings = {
				BUNDLE_LOADER = "$(TEST_HOST)";
				CODE_SIGN_STYLE = Automatic;
				INFOPLIST_FILE = LLTableViewHandelTests/Info.plist;
				LD_RUNPATH_SEARCH_PATHS = (
					"$(inherited)",
					"@executable_path/Frameworks",
					"@loader_path/Frameworks",
				);
				PRODUCT_BUNDLE_IDENTIFIER = com.EZS.company.LLTableViewHandelTests;
				PRODUCT_NAME = "$(TARGET_NAME)";
				TARGETED_DEVICE_FAMILY = "1,2";
				TEST_HOST = "$(BUILT_PRODUCTS_DIR)/LLTableViewHandel.app/LLTableViewHandel";
			};
			name = Debug;
		};
		124D4C8620F5C96700E72127 /* Release */ = {
			isa = XCBuildConfiguration;
			buildSettings = {
				BUNDLE_LOADER = "$(TEST_HOST)";
				CODE_SIGN_STYLE = Automatic;
				INFOPLIST_FILE = LLTableViewHandelTests/Info.plist;
				LD_RUNPATH_SEARCH_PATHS = (
					"$(inherited)",
					"@executable_path/Frameworks",
					"@loader_path/Frameworks",
				);
				PRODUCT_BUNDLE_IDENTIFIER = com.EZS.company.LLTableViewHandelTests;
				PRODUCT_NAME = "$(TARGET_NAME)";
				TARGETED_DEVICE_FAMILY = "1,2";
				TEST_HOST = "$(BUILT_PRODUCTS_DIR)/LLTableViewHandel.app/LLTableViewHandel";
			};
			name = Release;
		};
		124D4C8820F5C96700E72127 /* Debug */ = {
			isa = XCBuildConfiguration;
			buildSettings = {
				CODE_SIGN_STYLE = Automatic;
				INFOPLIST_FILE = LLTableViewHandelUITests/Info.plist;
				LD_RUNPATH_SEARCH_PATHS = (
					"$(inherited)",
					"@executable_path/Frameworks",
					"@loader_path/Frameworks",
				);
				PRODUCT_BUNDLE_IDENTIFIER = com.EZS.company.LLTableViewHandelUITests;
				PRODUCT_NAME = "$(TARGET_NAME)";
				TARGETED_DEVICE_FAMILY = "1,2";
				TEST_TARGET_NAME = LLTableViewHandel;
			};
			name = Debug;
		};
		124D4C8920F5C96700E72127 /* Release */ = {
			isa = XCBuildConfiguration;
			buildSettings = {
				CODE_SIGN_STYLE = Automatic;
				INFOPLIST_FILE = LLTableViewHandelUITests/Info.plist;
				LD_RUNPATH_SEARCH_PATHS = (
					"$(inherited)",
					"@executable_path/Frameworks",
					"@loader_path/Frameworks",
				);
				PRODUCT_BUNDLE_IDENTIFIER = com.EZS.company.LLTableViewHandelUITests;
				PRODUCT_NAME = "$(TARGET_NAME)";
				TARGETED_DEVICE_FAMILY = "1,2";
				TEST_TARGET_NAME = LLTableViewHandel;
			};
			name = Release;
		};
/* End XCBuildConfiguration section */

/* Begin XCConfigurationList section */
		124D4C5020F5C96600E72127 /* Build configuration list for PBXProject "LLTableViewHandel" */ = {
			isa = XCConfigurationList;
			buildConfigurations = (
				124D4C7F20F5C96700E72127 /* Debug */,
				124D4C8020F5C96700E72127 /* Release */,
			);
			defaultConfigurationIsVisible = 0;
			defaultConfigurationName = Release;
		};
		124D4C8120F5C96700E72127 /* Build configuration list for PBXNativeTarget "LLTableViewHandel" */ = {
			isa = XCConfigurationList;
			buildConfigurations = (
				124D4C8220F5C96700E72127 /* Debug */,
				124D4C8320F5C96700E72127 /* Release */,
			);
			defaultConfigurationIsVisible = 0;
			defaultConfigurationName = Release;
		};
		124D4C8420F5C96700E72127 /* Build configuration list for PBXNativeTarget "LLTableViewHandelTests" */ = {
			isa = XCConfigurationList;
			buildConfigurations = (
				124D4C8520F5C96700E72127 /* Debug */,
				124D4C8620F5C96700E72127 /* Release */,
			);
			defaultConfigurationIsVisible = 0;
			defaultConfigurationName = Release;
		};
		124D4C8720F5C96700E72127 /* Build configuration list for PBXNativeTarget "LLTableViewHandelUITests" */ = {
			isa = XCConfigurationList;
			buildConfigurations = (
				124D4C8820F5C96700E72127 /* Debug */,
				124D4C8920F5C96700E72127 /* Release */,
			);
			defaultConfigurationIsVisible = 0;
			defaultConfigurationName = Release;
		};
/* End XCConfigurationList section */
	};
	rootObject = 124D4C4D20F5C96600E72127 /* Project object */;
}
